// !$*UTF8*$!
{
	archiveVersion = 1;
	classes = {
	};
	objectVersion = 51;
	objects = {

/* Begin PBXBuildFile section */
		6697857DD36290CBCB4859DC /* Pods_sendReceiveParcel.framework in Frameworks */ = {isa = PBXBuildFile; fileRef = 0367AA38D13A46A15D3C07D4 /* Pods_sendReceiveParcel.framework */; };
		B21C2FC424F6E713000E7887 /* AppDelegate.swift in Sources */ = {isa = PBXBuildFile; fileRef = B21C2FC324F6E713000E7887 /* AppDelegate.swift */; };
		B21C2FC624F6E713000E7887 /* SceneDelegate.swift in Sources */ = {isa = PBXBuildFile; fileRef = B21C2FC524F6E713000E7887 /* SceneDelegate.swift */; };
		B21C2FC824F6E713000E7887 /* ViewController.swift in Sources */ = {isa = PBXBuildFile; fileRef = B21C2FC724F6E713000E7887 /* ViewController.swift */; };
		B21C2FCB24F6E713000E7887 /* Main.storyboard in Resources */ = {isa = PBXBuildFile; fileRef = B21C2FC924F6E713000E7887 /* Main.storyboard */; };
		B21C2FCD24F6E715000E7887 /* Assets.xcassets in Resources */ = {isa = PBXBuildFile; fileRef = B21C2FCC24F6E715000E7887 /* Assets.xcassets */; };
		B21C2FD024F6E715000E7887 /* LaunchScreen.storyboard in Resources */ = {isa = PBXBuildFile; fileRef = B21C2FCE24F6E715000E7887 /* LaunchScreen.storyboard */; };
		B21C2FD824F6E91A000E7887 /* GoogleService-Info.plist in Resources */ = {isa = PBXBuildFile; fileRef = B21C2FD724F6E919000E7887 /* GoogleService-Info.plist */; };
		B21C2FDB24F6EE2D000E7887 /* ExternalAccessory.framework in Frameworks */ = {isa = PBXBuildFile; fileRef = B21C2FDA24F6EE2D000E7887 /* ExternalAccessory.framework */; };
		B2766E4F24F70B8700F37EA2 /* AuthVC.swift in Sources */ = {isa = PBXBuildFile; fileRef = B2766E4E24F70B8700F37EA2 /* AuthVC.swift */; };
/* End PBXBuildFile section */

/* Begin PBXFileReference section */
		0367AA38D13A46A15D3C07D4 /* Pods_sendReceiveParcel.framework */ = {isa = PBXFileReference; explicitFileType = wrapper.framework; includeInIndex = 0; path = Pods_sendReceiveParcel.framework; sourceTree = BUILT_PRODUCTS_DIR; };
		6620AAE283C4564AC47CFEB2 /* Pods-sendReceiveParcel.debug.xcconfig */ = {isa = PBXFileReference; includeInIndex = 1; lastKnownFileType = text.xcconfig; name = "Pods-sendReceiveParcel.debug.xcconfig"; path = "Target Support Files/Pods-sendReceiveParcel/Pods-sendReceiveParcel.debug.xcconfig"; sourceTree = "<group>"; };
		B21C2FC024F6E713000E7887 /* sendReceiveParcel.app */ = {isa = PBXFileReference; explicitFileType = wrapper.application; includeInIndex = 0; path = sendReceiveParcel.app; sourceTree = BUILT_PRODUCTS_DIR; };
		B21C2FC324F6E713000E7887 /* AppDelegate.swift */ = {isa = PBXFileReference; lastKnownFileType = sourcecode.swift; path = AppDelegate.swift; sourceTree = "<group>"; };
		B21C2FC524F6E713000E7887 /* SceneDelegate.swift */ = {isa = PBXFileReference; lastKnownFileType = sourcecode.swift; path = SceneDelegate.swift; sourceTree = "<group>"; };
		B21C2FC724F6E713000E7887 /* ViewController.swift */ = {isa = PBXFileReference; lastKnownFileType = sourcecode.swift; path = ViewController.swift; sourceTree = "<group>"; };
		B21C2FCA24F6E713000E7887 /* Base */ = {isa = PBXFileReference; lastKnownFileType = file.storyboard; name = Base; path = Base.lproj/Main.storyboard; sourceTree = "<group>"; };
		B21C2FCC24F6E715000E7887 /* Assets.xcassets */ = {isa = PBXFileReference; lastKnownFileType = folder.assetcatalog; path = Assets.xcassets; sourceTree = "<group>"; };
		B21C2FCF24F6E715000E7887 /* Base */ = {isa = PBXFileReference; lastKnownFileType = file.storyboard; name = Base; path = Base.lproj/LaunchScreen.storyboard; sourceTree = "<group>"; };
		B21C2FD124F6E715000E7887 /* Info.plist */ = {isa = PBXFileReference; lastKnownFileType = text.plist.xml; path = Info.plist; sourceTree = "<group>"; };
		B21C2FD724F6E919000E7887 /* GoogleService-Info.plist */ = {isa = PBXFileReference; fileEncoding = 4; lastKnownFileType = text.plist.xml; path = "GoogleService-Info.plist"; sourceTree = "<group>"; };
		B21C2FDA24F6EE2D000E7887 /* ExternalAccessory.framework */ = {isa = PBXFileReference; lastKnownFileType = wrapper.framework; name = ExternalAccessory.framework; path = System/Library/Frameworks/ExternalAccessory.framework; sourceTree = SDKROOT; };
		B2766E4E24F70B8700F37EA2 /* AuthVC.swift */ = {isa = PBXFileReference; lastKnownFileType = sourcecode.swift; path = AuthVC.swift; sourceTree = "<group>"; };
		EDBC147D537891D79B89E3CA /* Pods-sendReceiveParcel.release.xcconfig */ = {isa = PBXFileReference; includeInIndex = 1; lastKnownFileType = text.xcconfig; name = "Pods-sendReceiveParcel.release.xcconfig"; path = "Target Support Files/Pods-sendReceiveParcel/Pods-sendReceiveParcel.release.xcconfig"; sourceTree = "<group>"; };
/* End PBXFileReference section */

/* Begin PBXFrameworksBuildPhase section */
		B21C2FBD24F6E713000E7887 /* Frameworks */ = {
			isa = PBXFrameworksBuildPhase;
			buildActionMask = 2147483647;
			files = (
				B21C2FDB24F6EE2D000E7887 /* ExternalAccessory.framework in Frameworks */,
				6697857DD36290CBCB4859DC /* Pods_sendReceiveParcel.framework in Frameworks */,
			);
			runOnlyForDeploymentPostprocessing = 0;
		};
/* End PBXFrameworksBuildPhase section */

/* Begin PBXGroup section */
		2256E943CEE50A28D5C36F22 /* Frameworks */ = {
			isa = PBXGroup;
			children = (
				B21C2FDA24F6EE2D000E7887 /* ExternalAccessory.framework */,
				0367AA38D13A46A15D3C07D4 /* Pods_sendReceiveParcel.framework */,
			);
			name = Frameworks;
			sourceTree = "<group>";
		};
		B21C2FB724F6E713000E7887 = {
			isa = PBXGroup;
			children = (
				B21C2FC224F6E713000E7887 /* sendReceiveParcel */,
				B21C2FC124F6E713000E7887 /* Products */,
				CAB38C7D5F6971DA81AF7981 /* Pods */,
				2256E943CEE50A28D5C36F22 /* Frameworks */,
			);
			sourceTree = "<group>";
		};
		B21C2FC124F6E713000E7887 /* Products */ = {
			isa = PBXGroup;
			children = (
				B21C2FC024F6E713000E7887 /* sendReceiveParcel.app */,
			);
			name = Products;
			sourceTree = "<group>";
		};
		B21C2FC224F6E713000E7887 /* sendReceiveParcel */ = {
			isa = PBXGroup;
			children = (
				B2766E4D24F70B6C00F37EA2 /* View */,
				B21C2FC324F6E713000E7887 /* AppDelegate.swift */,
				B21C2FC524F6E713000E7887 /* SceneDelegate.swift */,
				B21C2FC724F6E713000E7887 /* ViewController.swift */,
				B21C2FC924F6E713000E7887 /* Main.storyboard */,
				B21C2FCC24F6E715000E7887 /* Assets.xcassets */,
				B21C2FCE24F6E715000E7887 /* LaunchScreen.storyboard */,
				B21C2FD724F6E919000E7887 /* GoogleService-Info.plist */,
				B21C2FD124F6E715000E7887 /* Info.plist */,
			);
			path = sendReceiveParcel;
			sourceTree = "<group>";
		};
		B2766E4D24F70B6C00F37EA2 /* View */ = {
			isa = PBXGroup;
			children = (
				B2766E4E24F70B8700F37EA2 /* AuthVC.swift */,
			);
			path = View;
			sourceTree = "<group>";
		};
		CAB38C7D5F6971DA81AF7981 /* Pods */ = {
			isa = PBXGroup;
			children = (
				6620AAE283C4564AC47CFEB2 /* Pods-sendReceiveParcel.debug.xcconfig */,
				EDBC147D537891D79B89E3CA /* Pods-sendReceiveParcel.release.xcconfig */,
			);
			path = Pods;
			sourceTree = "<group>";
		};
/* End PBXGroup section */

/* Begin PBXNativeTarget section */
		B21C2FBF24F6E713000E7887 /* sendReceiveParcel */ = {
			isa = PBXNativeTarget;
			buildConfigurationList = B21C2FD424F6E715000E7887 /* Build configuration list for PBXNativeTarget "sendReceiveParcel" */;
			buildPhases = (
				5E288072117F4AE379969FD0 /* [CP] Check Pods Manifest.lock */,
				B21C2FBC24F6E713000E7887 /* Sources */,
				B21C2FBD24F6E713000E7887 /* Frameworks */,
				B21C2FBE24F6E713000E7887 /* Resources */,
				55F86774BC34CE2255C4AC92 /* [CP] Embed Pods Frameworks */,
			);
			buildRules = (
			);
			dependencies = (
			);
			name = sendReceiveParcel;
			productName = sendReceiveParcel;
			productReference = B21C2FC024F6E713000E7887 /* sendReceiveParcel.app */;
			productType = "com.apple.product-type.application";
		};
/* End PBXNativeTarget section */

/* Begin PBXProject section */
		B21C2FB824F6E713000E7887 /* Project object */ = {
			isa = PBXProject;
			attributes = {
				LastSwiftUpdateCheck = 1160;
				LastUpgradeCheck = 1160;
				ORGANIZATIONNAME = "Федот Евсеев";
				TargetAttributes = {
					B21C2FBF24F6E713000E7887 = {
						CreatedOnToolsVersion = 11.6;
					};
				};
			};
			buildConfigurationList = B21C2FBB24F6E713000E7887 /* Build configuration list for PBXProject "sendReceiveParcel" */;
			compatibilityVersion = "Xcode 9.3";
			developmentRegion = en;
			hasScannedForEncodings = 0;
			knownRegions = (
				en,
				Base,
			);
			mainGroup = B21C2FB724F6E713000E7887;
			productRefGroup = B21C2FC124F6E713000E7887 /* Products */;
			projectDirPath = "";
			projectRoot = "";
			targets = (
				B21C2FBF24F6E713000E7887 /* sendReceiveParcel */,
			);
		};
/* End PBXProject section */

/* Begin PBXResourcesBuildPhase section */
		B21C2FBE24F6E713000E7887 /* Resources */ = {
			isa = PBXResourcesBuildPhase;
			buildActionMask = 2147483647;
			files = (
				B21C2FD024F6E715000E7887 /* LaunchScreen.storyboard in Resources */,
				B21C2FCD24F6E715000E7887 /* Assets.xcassets in Resources */,
				B21C2FCB24F6E713000E7887 /* Main.storyboard in Resources */,
				B21C2FD824F6E91A000E7887 /* GoogleService-Info.plist in Resources */,
			);
			runOnlyForDeploymentPostprocessing = 0;
		};
/* End PBXResourcesBuildPhase section */

/* Begin PBXShellScriptBuildPhase section */
		55F86774BC34CE2255C4AC92 /* [CP] Embed Pods Frameworks */ = {
			isa = PBXShellScriptBuildPhase;
			buildActionMask = 2147483647;
			files = (
			);
			inputFileListPaths = (
				"${PODS_ROOT}/Target Support Files/Pods-sendReceiveParcel/Pods-sendReceiveParcel-frameworks-${CONFIGURATION}-input-files.xcfilelist",
			);
			name = "[CP] Embed Pods Frameworks";
			outputFileListPaths = (
				"${PODS_ROOT}/Target Support Files/Pods-sendReceiveParcel/Pods-sendReceiveParcel-frameworks-${CONFIGURATION}-output-files.xcfilelist",
			);
			runOnlyForDeploymentPostprocessing = 0;
			shellPath = /bin/sh;
			shellScript = "\"${PODS_ROOT}/Target Support Files/Pods-sendReceiveParcel/Pods-sendReceiveParcel-frameworks.sh\"\n";
			showEnvVarsInLog = 0;
		};
		5E288072117F4AE379969FD0 /* [CP] Check Pods Manifest.lock */ = {
			isa = PBXShellScriptBuildPhase;
			buildActionMask = 2147483647;
			files = (
			);
			inputFileListPaths = (
			);
			inputPaths = (
				"${PODS_PODFILE_DIR_PATH}/Podfile.lock",
				"${PODS_ROOT}/Manifest.lock",
			);
			name = "[CP] Check Pods Manifest.lock";
			outputFileListPaths = (
			);
			outputPaths = (
				"$(DERIVED_FILE_DIR)/Pods-sendReceiveParcel-checkManifestLockResult.txt",
			);
			runOnlyForDeploymentPostprocessing = 0;
			shellPath = /bin/sh;
			shellScript = "diff \"${PODS_PODFILE_DIR_PATH}/Podfile.lock\" \"${PODS_ROOT}/Manifest.lock\" > /dev/null\nif [ $? != 0 ] ; then\n    # print error to STDERR\n    echo \"error: The sandbox is not in sync with the Podfile.lock. Run 'pod install' or update your CocoaPods installation.\" >&2\n    exit 1\nfi\n# This output is used by Xcode 'outputs' to avoid re-running this script phase.\necho \"SUCCESS\" > \"${SCRIPT_OUTPUT_FILE_0}\"\n";
			showEnvVarsInLog = 0;
		};
/* End PBXShellScriptBuildPhase section */

/* Begin PBXSourcesBuildPhase section */
		B21C2FBC24F6E713000E7887 /* Sources */ = {
			isa = PBXSourcesBuildPhase;
			buildActionMask = 2147483647;
			files = (
				B21C2FC824F6E713000E7887 /* ViewController.swift in Sources */,
				B21C2FC424F6E713000E7887 /* AppDelegate.swift in Sources */,
				B2766E4F24F70B8700F37EA2 /* AuthVC.swift in Sources */,
				B21C2FC624F6E713000E7887 /* SceneDelegate.swift in Sources */,
			);
			runOnlyForDeploymentPostprocessing = 0;
		};
/* End PBXSourcesBuildPhase section */

/* Begin PBXVariantGroup section */
		B21C2FC924F6E713000E7887 /* Main.storyboard */ = {
			isa = PBXVariantGroup;
			children = (
				B21C2FCA24F6E713000E7887 /* Base */,
			);
			name = Main.storyboard;
			sourceTree = "<group>";
		};
		B21C2FCE24F6E715000E7887 /* LaunchScreen.storyboard */ = {
			isa = PBXVariantGroup;
			children = (
				B21C2FCF24F6E715000E7887 /* Base */,
			);
			name = LaunchScreen.storyboard;
			sourceTree = "<group>";
		};
/* End PBXVariantGroup section */

/* Begin XCBuildConfiguration section */
		B21C2FD224F6E715000E7887 /* Debug */ = {
			isa = XCBuildConfiguration;
			buildSettings = {
				ALWAYS_SEARCH_USER_PATHS = NO;
				CLANG_ANALYZER_NONNULL = YES;
				CLANG_ANALYZER_NUMBER_OBJECT_CONVERSION = YES_AGGRESSIVE;
				CLANG_CXX_LANGUAGE_STANDARD = "gnu++14";
				CLANG_CXX_LIBRARY = "libc++";
				CLANG_ENABLE_MODULES = YES;
				CLANG_ENABLE_OBJC_ARC = YES;
				CLANG_ENABLE_OBJC_WEAK = YES;
				CLANG_WARN_BLOCK_CAPTURE_AUTORELEASING = YES;
				CLANG_WARN_BOOL_CONVERSION = YES;
				CLANG_WARN_COMMA = YES;
				CLANG_WARN_CONSTANT_CONVERSION = YES;
				CLANG_WARN_DEPRECATED_OBJC_IMPLEMENTATIONS = YES;
				CLANG_WARN_DIRECT_OBJC_ISA_USAGE = YES_ERROR;
				CLANG_WARN_DOCUMENTATION_COMMENTS = YES;
				CLANG_WARN_EMPTY_BODY = YES;
				CLANG_WARN_ENUM_CONVERSION = YES;
				CLANG_WARN_INFINITE_RECURSION = YES;
				CLANG_WARN_INT_CONVERSION = YES;
				CLANG_WARN_NON_LITERAL_NULL_CONVERSION = YES;
				CLANG_WARN_OBJC_IMPLICIT_RETAIN_SELF = YES;
				CLANG_WARN_OBJC_LITERAL_CONVERSION = YES;
				CLANG_WARN_OBJC_ROOT_CLASS = YES_ERROR;
				CLANG_WARN_RANGE_LOOP_ANALYSIS = YES;
				CLANG_WARN_STRICT_PROTOTYPES = YES;
				CLANG_WARN_SUSPICIOUS_MOVE = YES;
				CLANG_WARN_UNGUARDED_AVAILABILITY = YES_AGGRESSIVE;
				CLANG_WARN_UNREACHABLE_CODE = YES;
				CLANG_WARN__DUPLICATE_METHOD_MATCH = YES;
				COPY_PHASE_STRIP = NO;
				DEBUG_INFORMATION_FORMAT = dwarf;
				ENABLE_STRICT_OBJC_MSGSEND = YES;
				ENABLE_TESTABILITY = YES;
				GCC_C_LANGUAGE_STANDARD = gnu11;
				GCC_DYNAMIC_NO_PIC = NO;
				GCC_NO_COMMON_BLOCKS = YES;
				GCC_OPTIMIZATION_LEVEL = 0;
				GCC_PREPROCESSOR_DEFINITIONS = (
					"DEBUG=1",
					"$(inherited)",
				);
				GCC_WARN_64_TO_32_BIT_CONVERSION = YES;
				GCC_WARN_ABOUT_RETURN_TYPE = YES_ERROR;
				GCC_WARN_UNDECLARED_SELECTOR = YES;
				GCC_WARN_UNINITIALIZED_AUTOS = YES_AGGRESSIVE;
				GCC_WARN_UNUSED_FUNCTION = YES;
				GCC_WARN_UNUSED_VARIABLE = YES;
				IPHONEOS_DEPLOYMENT_TARGET = 13.6;
				MTL_ENABLE_DEBUG_INFO = INCLUDE_SOURCE;
				MTL_FAST_MATH = YES;
				ONLY_ACTIVE_ARCH = YES;
				SDKROOT = iphoneos;
				SWIFT_ACTIVE_COMPILATION_CONDITIONS = DEBUG;
				SWIFT_OPTIMIZATION_LEVEL = "-Onone";
			};
			name = Debug;
		};
		B21C2FD324F6E715000E7887 /* Release */ = {
			isa = XCBuildConfiguration;
			buildSettings = {
				ALWAYS_SEARCH_USER_PATHS = NO;
				CLANG_ANALYZER_NONNULL = YES;
				CLANG_ANALYZER_NUMBER_OBJECT_CONVERSION = YES_AGGRESSIVE;
				CLANG_CXX_LANGUAGE_STANDARD = "gnu++14";
				CLANG_CXX_LIBRARY = "libc++";
				CLANG_ENABLE_MODULES = YES;
				CLANG_ENABLE_OBJC_ARC = YES;
				CLANG_ENABLE_OBJC_WEAK = YES;
				CLANG_WARN_BLOCK_CAPTURE_AUTORELEASING = YES;
				CLANG_WARN_BOOL_CONVERSION = YES;
				CLANG_WARN_COMMA = YES;
				CLANG_WARN_CONSTANT_CONVERSION = YES;
				CLANG_WARN_DEPRECATED_OBJC_IMPLEMENTATIONS = YES;
				CLANG_WARN_DIRECT_OBJC_ISA_USAGE = YES_ERROR;
				CLANG_WARN_DOCUMENTATION_COMMENTS = YES;
				CLANG_WARN_EMPTY_BODY = YES;
				CLANG_WARN_ENUM_CONVERSION = YES;
				CLANG_WARN_INFINITE_RECURSION = YES;
				CLANG_WARN_INT_CONVERSION = YES;
				CLANG_WARN_NON_LITERAL_NULL_CONVERSION = YES;
				CLANG_WARN_OBJC_IMPLICIT_RETAIN_SELF = YES;
				CLANG_WARN_OBJC_LITERAL_CONVERSION = YES;
				CLANG_WARN_OBJC_ROOT_CLASS = YES_ERROR;
				CLANG_WARN_RANGE_LOOP_ANALYSIS = YES;
				CLANG_WARN_STRICT_PROTOTYPES = YES;
				CLANG_WARN_SUSPICIOUS_MOVE = YES;
				CLANG_WARN_UNGUARDED_AVAILABILITY = YES_AGGRESSIVE;
				CLANG_WARN_UNREACHABLE_CODE = YES;
				CLANG_WARN__DUPLICATE_METHOD_MATCH = YES;
				COPY_PHASE_STRIP = NO;
				DEBUG_INFORMATION_FORMAT = "dwarf-with-dsym";
				ENABLE_NS_ASSERTIONS = NO;
				ENABLE_STRICT_OBJC_MSGSEND = YES;
				GCC_C_LANGUAGE_STANDARD = gnu11;
				GCC_NO_COMMON_BLOCKS = YES;
				GCC_WARN_64_TO_32_BIT_CONVERSION = YES;
				GCC_WARN_ABOUT_RETURN_TYPE = YES_ERROR;
				GCC_WARN_UNDECLARED_SELECTOR = YES;
				GCC_WARN_UNINITIALIZED_AUTOS = YES_AGGRESSIVE;
				GCC_WARN_UNUSED_FUNCTION = YES;
				GCC_WARN_UNUSED_VARIABLE = YES;
				IPHONEOS_DEPLOYMENT_TARGET = 13.6;
				MTL_ENABLE_DEBUG_INFO = NO;
				MTL_FAST_MATH = YES;
				SDKROOT = iphoneos;
				SWIFT_COMPILATION_MODE = wholemodule;
				SWIFT_OPTIMIZATION_LEVEL = "-O";
				VALIDATE_PRODUCT = YES;
			};
			name = Release;
		};
		B21C2FD524F6E715000E7887 /* Debug */ = {
			isa = XCBuildConfiguration;
			baseConfigurationReference = 6620AAE283C4564AC47CFEB2 /* Pods-sendReceiveParcel.debug.xcconfig */;
			buildSettings = {
				ASSETCATALOG_COMPILER_APPICON_NAME = AppIcon;
				CODE_SIGN_ENTITLEMENTS = sendReceiveParcel/sendReceiveParcel.entitlements;
				CODE_SIGN_STYLE = Automatic;
				DEVELOPMENT_TEAM = 6WFFW7LZ8D;
				INFOPLIST_FILE = sendReceiveParcel/Info.plist;
				LD_RUNPATH_SEARCH_PATHS = (
					"$(inherited)",
					"@executable_path/Frameworks",
				);
				PRODUCT_BUNDLE_IDENTIFIER = com.FedotEvseev.sendReceiveParcel;
				PRODUCT_NAME = "$(TARGET_NAME)";
				SWIFT_VERSION = 5.0;
				TARGETED_DEVICE_FAMILY = "1,2";
			};
			name = Debug;
		};
		B21C2FD624F6E715000E7887 /* Release */ = {
			isa = XCBuildConfiguration;
			baseConfigurationReference = EDBC147D537891D79B89E3CA /* Pods-sendReceiveParcel.release.xcconfig */;
			buildSettings = {
				ASSETCATALOG_COMPILER_APPICON_NAME = AppIcon;
				CODE_SIGN_ENTITLEMENTS = sendReceiveParcel/sendReceiveParcel.entitlements;
				CODE_SIGN_STYLE = Automatic;
				DEVELOPMENT_TEAM = 6WFFW7LZ8D;
				INFOPLIST_FILE = sendReceiveParcel/Info.plist;
				LD_RUNPATH_SEARCH_PATHS = (
					"$(inherited)",
					"@executable_path/Frameworks",
				);
				PRODUCT_BUNDLE_IDENTIFIER = com.FedotEvseev.sendReceiveParcel;
				PRODUCT_NAME = "$(TARGET_NAME)";
				SWIFT_VERSION = 5.0;
				TARGETED_DEVICE_FAMILY = "1,2";
			};
			name = Release;
		};
/* End XCBuildConfiguration section */

/* Begin XCConfigurationList section */
		B21C2FBB24F6E713000E7887 /* Build configuration list for PBXProject "sendReceiveParcel" */ = {
			isa = XCConfigurationList;
			buildConfigurations = (
				B21C2FD224F6E715000E7887 /* Debug */,
				B21C2FD324F6E715000E7887 /* Release */,
			);
			defaultConfigurationIsVisible = 0;
			defaultConfigurationName = Release;
		};
		B21C2FD424F6E715000E7887 /* Build configuration list for PBXNativeTarget "sendReceiveParcel" */ = {
			isa = XCConfigurationList;
			buildConfigurations = (
				B21C2FD524F6E715000E7887 /* Debug */,
				B21C2FD624F6E715000E7887 /* Release */,
			);
			defaultConfigurationIsVisible = 0;
			defaultConfigurationName = Release;
		};
/* End XCConfigurationList section */
	};
	rootObject = B21C2FB824F6E713000E7887 /* Project object */;
}
